# Image digest and Dreamcast build components verified on 2026-09-21.
# Keep this file as simple shell assignments so it can be sourced by our tools.
TOOLCHAIN_IMAGE='maishuji/dc-kos-image@sha256:21832edbd57c4eb91b316c61b61008a64344703f476197887601aea5422b9f3f'
TOOLCHAIN_IMAGE_PLATFORM='linux/amd64'
TOOLCHAIN_KOS_VERSION='2.2.2'
TOOLCHAIN_KOS_SNAPSHOT='08FEB26'
TOOLCHAIN_KOS_COMMIT='0aa363a145ead0c6549e77bc7f468dfd8e10134f'
TOOLCHAIN_GCC_VERSION='15.2.1'
TOOLCHAIN_BINUTILS_VERSION='2.45.1'
TOOLCHAIN_NEWLIB_VERSION='4.6.0'
TOOLCHAIN_CMAKE_VERSION='3.31.4'
TOOLCHAIN_MAKE_VERSION='4.4.1'
TOOLCHAIN_KOS_SUBARCH='pristine'
TOOLCHAIN_SH4_PRECISION='-m4-single-only'
