# Image digest and Dreamcast build components verified on 2026-10-01.
# Keep this file as simple shell assignments so it can be sourced by our tools.
TOOLCHAIN_IMAGE='maishuji/dc-kos-image@sha256:f89d754629d003f842f8e3a37e5082669542ef965123380a5541157138064f3c'
TOOLCHAIN_IMAGE_PLATFORM='linux/amd64'
TOOLCHAIN_KOS_VERSION='2.3.0'
TOOLCHAIN_KOS_SNAPSHOT='06SEP26'
TOOLCHAIN_KOS_COMMIT='63702a858c17c915b564b378407b1576c78668ec'
TOOLCHAIN_GCC_VERSION='16.2.0'
TOOLCHAIN_BINUTILS_VERSION='2.47.20260726'
TOOLCHAIN_NEWLIB_VERSION='4.6.0'
TOOLCHAIN_CMAKE_VERSION='3.31.4'
TOOLCHAIN_MAKE_VERSION='4.4.1'
TOOLCHAIN_KOS_SUBARCH='pristine'
TOOLCHAIN_SH4_PRECISION='-m4-single'
